# This file is automatically @generated by Cargo.
# It is not intended for manual editing.
version = 4

[[package]]
name = "assert_matches"
version = "1.5.0"
source = "registry+https://github.com/rust-lang/crates.io-index"
checksum = "9b34d609dfbaf33d6889b2b7106d3ca345eacad44200913df5ba02bfd31d2ba9"

[[package]]
name = "four-cc"
version = "0.4.0"
source = "registry+https://github.com/rust-lang/crates.io-index"
checksum = "795cbfc56d419a7ce47ccbb7504dd9a5b7c484c083c356e797de08bd988d9629"

[[package]]
name = "mp4ra-rust"
version = "0.6.0"
source = "registry+https://github.com/rust-lang/crates.io-index"
checksum = "50e73e22289737589d1575517eefead53c7bbd7e11546437f97b3859694c1a08"
dependencies = [
 "four-cc",
]

[[package]]
name = "mpeg4-audio-const"
version = "0.2.0"
source = "registry+https://github.com/rust-lang/crates.io-index"
checksum = "96a1fe2275b68991faded2c80aa4a33dba398b77d276038b8f50701a22e55918"

[[package]]
name = "rfc6381-codec"
version = "0.2.0"
dependencies = [
 "assert_matches",
 "mp4ra-rust",
 "mpeg4-audio-const",
]
