# This file is automatically @generated by Cargo.
# It is not intended for manual editing.
version = 3

[[package]]
name = "arbitrary"
version = "1.0.0"
source = "registry+https://github.com/rust-lang/crates.io-index"
checksum = "698b65a961a9d730fb45b6b0327e20207810c9f61ee421b082b27ba003f49e2b"

[[package]]
name = "cc"
version = "1.0.67"
source = "registry+https://github.com/rust-lang/crates.io-index"
checksum = "e3c69b077ad434294d3ce9f1f6143a2a4b89a8a2d54ef813d85003a4fd1137fd"

[[package]]
name = "four-cc"
version = "0.1.0"
source = "registry+https://github.com/rust-lang/crates.io-index"
checksum = "3958af68a31b1d1384d3f39b6aa33eb14b6009065b5ca305ddd9712a4237124f"

[[package]]
name = "libfuzzer-sys"
version = "0.4.0"
source = "registry+https://github.com/rust-lang/crates.io-index"
checksum = "86c975d637bc2a2f99440932b731491fc34c7f785d239e38af3addd3c2fd0e46"
dependencies = [
 "arbitrary",
 "cc",
]

[[package]]
name = "mp4ra-rust"
version = "0.1.0"
source = "registry+https://github.com/rust-lang/crates.io-index"
checksum = "be9daf03b43bf3842962947c62ba40f411e46a58774c60838038f04a67d17626"
dependencies = [
 "four-cc",
]

[[package]]
name = "mpeg4-audio-const"
version = "0.2.0"
source = "registry+https://github.com/rust-lang/crates.io-index"
checksum = "96a1fe2275b68991faded2c80aa4a33dba398b77d276038b8f50701a22e55918"

[[package]]
name = "rfc6381-codec"
version = "0.1.0"
dependencies = [
 "four-cc",
 "mp4ra-rust",
 "mpeg4-audio-const",
]

[[package]]
name = "rfc6381-codec-fuzz"
version = "0.0.0"
dependencies = [
 "libfuzzer-sys",
 "rfc6381-codec",
]
